// !$*UTF8*$!
{
	archiveVersion = 1;
	classes = {
	};
	objectVersion = 50;
	objects = {

/* Begin PBXBuildFile section */
		E5DDF2541C4B75A4766FB4C1 /* Pods_Reciplease.framework in Frameworks */ = {isa = PBXBuildFile; fileRef = C65CBDD1907D556C923F7401 /* Pods_Reciplease.framework */; };
		ED158F4A22B3EAE100DED68A /* RecipeDetails.swift in Sources */ = {isa = PBXBuildFile; fileRef = ED158F4922B3EAE100DED68A /* RecipeDetails.swift */; };
		ED17EE1122A178C4000D7BC4 /* String.swift in Sources */ = {isa = PBXBuildFile; fileRef = ED17EE1022A178C4000D7BC4 /* String.swift */; };
		ED17EE1322A17C50000D7BC4 /* Int.swift in Sources */ = {isa = PBXBuildFile; fileRef = ED17EE1222A17C50000D7BC4 /* Int.swift */; };
		ED182B4C22C65EBC001F5723 /* FakeResponse.swift in Sources */ = {isa = PBXBuildFile; fileRef = ED182B4B22C65EBC001F5723 /* FakeResponse.swift */; };
		ED182B4E22C65ECE001F5723 /* FakeResponseData.swift in Sources */ = {isa = PBXBuildFile; fileRef = ED182B4D22C65ECE001F5723 /* FakeResponseData.swift */; };
		ED182B5022C66112001F5723 /* RecipesSessionFake.swift in Sources */ = {isa = PBXBuildFile; fileRef = ED182B4F22C66112001F5723 /* RecipesSessionFake.swift */; };
		ED1A180922D4BA4100841454 /* CoreDataTests.swift in Sources */ = {isa = PBXBuildFile; fileRef = ED1A180822D4BA4100841454 /* CoreDataTests.swift */; };
		ED1C339E229C7A00009C0908 /* DetailedRecipeResultViewController.swift in Sources */ = {isa = PBXBuildFile; fileRef = ED1C339D229C7A00009C0908 /* DetailedRecipeResultViewController.swift */; };
		ED1F6DF422E9C536001706F1 /* Blend.mp3 in Resources */ = {isa = PBXBuildFile; fileRef = ED1F6DF322E9C536001706F1 /* Blend.mp3 */; };
		ED1F6DF622E9C540001706F1 /* Snap.mp3 in Resources */ = {isa = PBXBuildFile; fileRef = ED1F6DF522E9C540001706F1 /* Snap.mp3 */; };
		ED1FF4F822903E1D00E7861A /* RecipeResultDisplayViewController.swift in Sources */ = {isa = PBXBuildFile; fileRef = ED1FF4F722903E1D00E7861A /* RecipeResultDisplayViewController.swift */; };
		ED2249F722A0722200E7E9C0 /* FavoriteRecipesViewController.swift in Sources */ = {isa = PBXBuildFile; fileRef = ED2249F622A0722200E7E9C0 /* FavoriteRecipesViewController.swift */; };
		ED2249F922A0726800E7E9C0 /* DetailedFavoriteRecipesViewController.swift in Sources */ = {isa = PBXBuildFile; fileRef = ED2249F822A0726800E7E9C0 /* DetailedFavoriteRecipesViewController.swift */; };
		ED2249FD22A0896D00E7E9C0 /* CustomTableViewCell.swift in Sources */ = {isa = PBXBuildFile; fileRef = ED2249FB22A0896D00E7E9C0 /* CustomTableViewCell.swift */; };
		ED2249FE22A0896D00E7E9C0 /* CustomTableViewCell.xib in Resources */ = {isa = PBXBuildFile; fileRef = ED2249FC22A0896D00E7E9C0 /* CustomTableViewCell.xib */; };
		ED257D47228707D2007835B7 /* AppDelegate.swift in Sources */ = {isa = PBXBuildFile; fileRef = ED257D46228707D2007835B7 /* AppDelegate.swift */; };
		ED257D49228707D2007835B7 /* SearchRecipesViewController.swift in Sources */ = {isa = PBXBuildFile; fileRef = ED257D48228707D2007835B7 /* SearchRecipesViewController.swift */; };
		ED257D4C228707D2007835B7 /* Main.storyboard in Resources */ = {isa = PBXBuildFile; fileRef = ED257D4A228707D2007835B7 /* Main.storyboard */; };
		ED257D4E228707D4007835B7 /* Assets.xcassets in Resources */ = {isa = PBXBuildFile; fileRef = ED257D4D228707D4007835B7 /* Assets.xcassets */; };
		ED257D51228707D4007835B7 /* LaunchScreen.storyboard in Resources */ = {isa = PBXBuildFile; fileRef = ED257D4F228707D4007835B7 /* LaunchScreen.storyboard */; };
		ED257D5C228733A1007835B7 /* RecipesService.swift in Sources */ = {isa = PBXBuildFile; fileRef = ED257D5B228733A1007835B7 /* RecipesService.swift */; };
		ED257D5E228735DC007835B7 /* RecipesProtocol.swift in Sources */ = {isa = PBXBuildFile; fileRef = ED257D5D228735DC007835B7 /* RecipesProtocol.swift */; };
		ED257D60228735ED007835B7 /* RecipesSession.swift in Sources */ = {isa = PBXBuildFile; fileRef = ED257D5F228735ED007835B7 /* RecipesSession.swift */; };
		ED257D6222873609007835B7 /* Recipes.swift in Sources */ = {isa = PBXBuildFile; fileRef = ED257D6122873609007835B7 /* Recipes.swift */; };
		ED257D67228738AB007835B7 /* Recipes.json in Resources */ = {isa = PBXBuildFile; fileRef = ED257D66228738AB007835B7 /* Recipes.json */; };
		ED3D203222C0D7A4000D2775 /* Reciplease.xcdatamodeld in Sources */ = {isa = PBXBuildFile; fileRef = ED3D203022C0D7A4000D2775 /* Reciplease.xcdatamodeld */; };
		ED3D203422C0D7BB000D2775 /* RecipeEntity.swift in Sources */ = {isa = PBXBuildFile; fileRef = ED3D203322C0D7BB000D2775 /* RecipeEntity.swift */; };
		ED3D203622C0D7D1000D2775 /* IngredientEntity.swift in Sources */ = {isa = PBXBuildFile; fileRef = ED3D203522C0D7D1000D2775 /* IngredientEntity.swift */; };
		ED3D203822C0D7E1000D2775 /* IngredientLineEntity.swift in Sources */ = {isa = PBXBuildFile; fileRef = ED3D203722C0D7E1000D2775 /* IngredientLineEntity.swift */; };
		EDA1744022C9ED8E00D3FA24 /* RecipesServiceTests.swift in Sources */ = {isa = PBXBuildFile; fileRef = EDA1743F22C9ED8E00D3FA24 /* RecipesServiceTests.swift */; };
		EDF30C3722E8A7E300CF03C6 /* RecipeDetails.json in Resources */ = {isa = PBXBuildFile; fileRef = EDF30C3622E8A7E300CF03C6 /* RecipeDetails.json */; };
		EDF30C3822E8AA8000CF03C6 /* RecipeDetails.json in Resources */ = {isa = PBXBuildFile; fileRef = EDF30C3622E8A7E300CF03C6 /* RecipeDetails.json */; };
		EDF30C3A22E8CD7600CF03C6 /* UIViewController.swift in Sources */ = {isa = PBXBuildFile; fileRef = EDF30C3922E8CD7600CF03C6 /* UIViewController.swift */; };
/* End PBXBuildFile section */

/* Begin PBXContainerItemProxy section */
		EDA1743622C9E8F900D3FA24 /* PBXContainerItemProxy */ = {
			isa = PBXContainerItemProxy;
			containerPortal = ED257D3B228707D2007835B7 /* Project object */;
			proxyType = 1;
			remoteGlobalIDString = ED257D42228707D2007835B7;
			remoteInfo = Reciplease;
		};
/* End PBXContainerItemProxy section */

/* Begin PBXFileReference section */
		4A41495E53A1BE88DE6E8D00 /* Pods-Reciplease.debug.xcconfig */ = {isa = PBXFileReference; includeInIndex = 1; lastKnownFileType = text.xcconfig; name = "Pods-Reciplease.debug.xcconfig"; path = "Target Support Files/Pods-Reciplease/Pods-Reciplease.debug.xcconfig"; sourceTree = "<group>"; };
		9E5C5A15172758DA12051074 /* Pods-Reciplease.release.xcconfig */ = {isa = PBXFileReference; includeInIndex = 1; lastKnownFileType = text.xcconfig; name = "Pods-Reciplease.release.xcconfig"; path = "Target Support Files/Pods-Reciplease/Pods-Reciplease.release.xcconfig"; sourceTree = "<group>"; };
		C65CBDD1907D556C923F7401 /* Pods_Reciplease.framework */ = {isa = PBXFileReference; explicitFileType = wrapper.framework; includeInIndex = 0; path = Pods_Reciplease.framework; sourceTree = BUILT_PRODUCTS_DIR; };
		ED158F4922B3EAE100DED68A /* RecipeDetails.swift */ = {isa = PBXFileReference; lastKnownFileType = sourcecode.swift; path = RecipeDetails.swift; sourceTree = "<group>"; };
		ED17EE1022A178C4000D7BC4 /* String.swift */ = {isa = PBXFileReference; lastKnownFileType = sourcecode.swift; path = String.swift; sourceTree = "<group>"; };
		ED17EE1222A17C50000D7BC4 /* Int.swift */ = {isa = PBXFileReference; lastKnownFileType = sourcecode.swift; path = Int.swift; sourceTree = "<group>"; };
		ED182B4B22C65EBC001F5723 /* FakeResponse.swift */ = {isa = PBXFileReference; lastKnownFileType = sourcecode.swift; path = FakeResponse.swift; sourceTree = "<group>"; };
		ED182B4D22C65ECE001F5723 /* FakeResponseData.swift */ = {isa = PBXFileReference; lastKnownFileType = sourcecode.swift; path = FakeResponseData.swift; sourceTree = "<group>"; };
		ED182B4F22C66112001F5723 /* RecipesSessionFake.swift */ = {isa = PBXFileReference; lastKnownFileType = sourcecode.swift; path = RecipesSessionFake.swift; sourceTree = "<group>"; };
		ED1A180822D4BA4100841454 /* CoreDataTests.swift */ = {isa = PBXFileReference; lastKnownFileType = sourcecode.swift; path = CoreDataTests.swift; sourceTree = "<group>"; };
		ED1C339D229C7A00009C0908 /* DetailedRecipeResultViewController.swift */ = {isa = PBXFileReference; lastKnownFileType = sourcecode.swift; path = DetailedRecipeResultViewController.swift; sourceTree = "<group>"; };
		ED1F6DF322E9C536001706F1 /* Blend.mp3 */ = {isa = PBXFileReference; lastKnownFileType = audio.mp3; path = Blend.mp3; sourceTree = "<group>"; };
		ED1F6DF522E9C540001706F1 /* Snap.mp3 */ = {isa = PBXFileReference; lastKnownFileType = audio.mp3; path = Snap.mp3; sourceTree = "<group>"; };
		ED1FF4F722903E1D00E7861A /* RecipeResultDisplayViewController.swift */ = {isa = PBXFileReference; lastKnownFileType = sourcecode.swift; path = RecipeResultDisplayViewController.swift; sourceTree = "<group>"; };
		ED2249F622A0722200E7E9C0 /* FavoriteRecipesViewController.swift */ = {isa = PBXFileReference; lastKnownFileType = sourcecode.swift; path = FavoriteRecipesViewController.swift; sourceTree = "<group>"; };
		ED2249F822A0726800E7E9C0 /* DetailedFavoriteRecipesViewController.swift */ = {isa = PBXFileReference; lastKnownFileType = sourcecode.swift; path = DetailedFavoriteRecipesViewController.swift; sourceTree = "<group>"; };
		ED2249FB22A0896D00E7E9C0 /* CustomTableViewCell.swift */ = {isa = PBXFileReference; lastKnownFileType = sourcecode.swift; path = CustomTableViewCell.swift; sourceTree = "<group>"; };
		ED2249FC22A0896D00E7E9C0 /* CustomTableViewCell.xib */ = {isa = PBXFileReference; lastKnownFileType = file.xib; path = CustomTableViewCell.xib; sourceTree = "<group>"; };
		ED257D43228707D2007835B7 /* Reciplease.app */ = {isa = PBXFileReference; explicitFileType = wrapper.application; includeInIndex = 0; path = Reciplease.app; sourceTree = BUILT_PRODUCTS_DIR; };
		ED257D46228707D2007835B7 /* AppDelegate.swift */ = {isa = PBXFileReference; lastKnownFileType = sourcecode.swift; path = AppDelegate.swift; sourceTree = "<group>"; };
		ED257D48228707D2007835B7 /* SearchRecipesViewController.swift */ = {isa = PBXFileReference; lastKnownFileType = sourcecode.swift; path = SearchRecipesViewController.swift; sourceTree = "<group>"; };
		ED257D4B228707D2007835B7 /* Base */ = {isa = PBXFileReference; lastKnownFileType = file.storyboard; name = Base; path = Base.lproj/Main.storyboard; sourceTree = "<group>"; };
		ED257D4D228707D4007835B7 /* Assets.xcassets */ = {isa = PBXFileReference; lastKnownFileType = folder.assetcatalog; path = Assets.xcassets; sourceTree = "<group>"; };
		ED257D50228707D4007835B7 /* Base */ = {isa = PBXFileReference; lastKnownFileType = file.storyboard; name = Base; path = Base.lproj/LaunchScreen.storyboard; sourceTree = "<group>"; };
		ED257D52228707D4007835B7 /* Info.plist */ = {isa = PBXFileReference; lastKnownFileType = text.plist.xml; path = Info.plist; sourceTree = "<group>"; };
		ED257D5B228733A1007835B7 /* RecipesService.swift */ = {isa = PBXFileReference; lastKnownFileType = sourcecode.swift; path = RecipesService.swift; sourceTree = "<group>"; };
		ED257D5D228735DC007835B7 /* RecipesProtocol.swift */ = {isa = PBXFileReference; lastKnownFileType = sourcecode.swift; path = RecipesProtocol.swift; sourceTree = "<group>"; };
		ED257D5F228735ED007835B7 /* RecipesSession.swift */ = {isa = PBXFileReference; lastKnownFileType = sourcecode.swift; path = RecipesSession.swift; sourceTree = "<group>"; };
		ED257D6122873609007835B7 /* Recipes.swift */ = {isa = PBXFileReference; lastKnownFileType = sourcecode.swift; path = Recipes.swift; sourceTree = "<group>"; };
		ED257D66228738AB007835B7 /* Recipes.json */ = {isa = PBXFileReference; lastKnownFileType = text.json; path = Recipes.json; sourceTree = "<group>"; };
		ED3D203122C0D7A4000D2775 /* Reciplease.xcdatamodel */ = {isa = PBXFileReference; lastKnownFileType = wrapper.xcdatamodel; path = Reciplease.xcdatamodel; sourceTree = "<group>"; };
		ED3D203322C0D7BB000D2775 /* RecipeEntity.swift */ = {isa = PBXFileReference; lastKnownFileType = sourcecode.swift; path = RecipeEntity.swift; sourceTree = "<group>"; };
		ED3D203522C0D7D1000D2775 /* IngredientEntity.swift */ = {isa = PBXFileReference; lastKnownFileType = sourcecode.swift; path = IngredientEntity.swift; sourceTree = "<group>"; };
		ED3D203722C0D7E1000D2775 /* IngredientLineEntity.swift */ = {isa = PBXFileReference; lastKnownFileType = sourcecode.swift; path = IngredientLineEntity.swift; sourceTree = "<group>"; };
		EDA1743122C9E8F800D3FA24 /* RecipleaseTests.xctest */ = {isa = PBXFileReference; explicitFileType = wrapper.cfbundle; includeInIndex = 0; path = RecipleaseTests.xctest; sourceTree = BUILT_PRODUCTS_DIR; };
		EDA1743522C9E8F900D3FA24 /* Info.plist */ = {isa = PBXFileReference; lastKnownFileType = text.plist.xml; path = Info.plist; sourceTree = "<group>"; };
		EDA1743F22C9ED8E00D3FA24 /* RecipesServiceTests.swift */ = {isa = PBXFileReference; lastKnownFileType = sourcecode.swift; path = RecipesServiceTests.swift; sourceTree = "<group>"; };
		EDF30C3622E8A7E300CF03C6 /* RecipeDetails.json */ = {isa = PBXFileReference; lastKnownFileType = text.json; path = RecipeDetails.json; sourceTree = "<group>"; };
		EDF30C3922E8CD7600CF03C6 /* UIViewController.swift */ = {isa = PBXFileReference; lastKnownFileType = sourcecode.swift; path = UIViewController.swift; sourceTree = "<group>"; };
/* End PBXFileReference section */

/* Begin PBXFrameworksBuildPhase section */
		ED257D40228707D2007835B7 /* Frameworks */ = {
			isa = PBXFrameworksBuildPhase;
			buildActionMask = 2147483647;
			files = (
				E5DDF2541C4B75A4766FB4C1 /* Pods_Reciplease.framework in Frameworks */,
			);
			runOnlyForDeploymentPostprocessing = 0;
		};
		EDA1742E22C9E8F800D3FA24 /* Frameworks */ = {
			isa = PBXFrameworksBuildPhase;
			buildActionMask = 2147483647;
			files = (
			);
			runOnlyForDeploymentPostprocessing = 0;
		};
/* End PBXFrameworksBuildPhase section */

/* Begin PBXGroup section */
		76093CB31B58B425D063A5A9 /* Pods */ = {
			isa = PBXGroup;
			children = (
				4A41495E53A1BE88DE6E8D00 /* Pods-Reciplease.debug.xcconfig */,
				9E5C5A15172758DA12051074 /* Pods-Reciplease.release.xcconfig */,
			);
			path = Pods;
			sourceTree = "<group>";
		};
		CA5DB4A4D9FE00F1906A37F7 /* Frameworks */ = {
			isa = PBXGroup;
			children = (
				C65CBDD1907D556C923F7401 /* Pods_Reciplease.framework */,
			);
			name = Frameworks;
			sourceTree = "<group>";
		};
		ED17EE0F22A178AE000D7BC4 /* Extensions */ = {
			isa = PBXGroup;
			children = (
				ED17EE1022A178C4000D7BC4 /* String.swift */,
				ED17EE1222A17C50000D7BC4 /* Int.swift */,
				EDF30C3922E8CD7600CF03C6 /* UIViewController.swift */,
			);
			path = Extensions;
			sourceTree = "<group>";
		};
		ED182B4A22C65E79001F5723 /* Helpers */ = {
			isa = PBXGroup;
			children = (
				ED257D66228738AB007835B7 /* Recipes.json */,
				EDF30C3622E8A7E300CF03C6 /* RecipeDetails.json */,
				ED182B4B22C65EBC001F5723 /* FakeResponse.swift */,
				ED182B4D22C65ECE001F5723 /* FakeResponseData.swift */,
				ED182B4F22C66112001F5723 /* RecipesSessionFake.swift */,
			);
			path = Helpers;
			sourceTree = "<group>";
		};
		ED1B30B222AD48930018E44A /* Sound Files */ = {
			isa = PBXGroup;
			children = (
				ED1F6DF322E9C536001706F1 /* Blend.mp3 */,
				ED1F6DF522E9C540001706F1 /* Snap.mp3 */,
			);
			path = "Sound Files";
			sourceTree = "<group>";
		};
		ED2249FA22A088D700E7E9C0 /* Cells */ = {
			isa = PBXGroup;
			children = (
				ED2249FB22A0896D00E7E9C0 /* CustomTableViewCell.swift */,
				ED2249FC22A0896D00E7E9C0 /* CustomTableViewCell.xib */,
			);
			path = Cells;
			sourceTree = "<group>";
		};
		ED257D3A228707D2007835B7 = {
			isa = PBXGroup;
			children = (
				76093CB31B58B425D063A5A9 /* Pods */,
				EDA1743222C9E8F800D3FA24 /* RecipleaseTests */,
				CA5DB4A4D9FE00F1906A37F7 /* Frameworks */,
				ED1B30B222AD48930018E44A /* Sound Files */,
				ED257D44228707D2007835B7 /* Products */,
				ED257D45228707D2007835B7 /* Reciplease */,
			);
			sourceTree = "<group>";
		};
		ED257D44228707D2007835B7 /* Products */ = {
			isa = PBXGroup;
			children = (
				ED257D43228707D2007835B7 /* Reciplease.app */,
				EDA1743122C9E8F800D3FA24 /* RecipleaseTests.xctest */,
			);
			name = Products;
			sourceTree = "<group>";
		};
		ED257D45228707D2007835B7 /* Reciplease */ = {
			isa = PBXGroup;
			children = (
				ED257D58228707DE007835B7 /* Model */,
				ED257D59228707E4007835B7 /* View */,
				ED2249FA22A088D700E7E9C0 /* Cells */,
				ED257D5A228707F6007835B7 /* Controller */,
				ED17EE0F22A178AE000D7BC4 /* Extensions */,
				ED257D46228707D2007835B7 /* AppDelegate.swift */,
				ED257D4D228707D4007835B7 /* Assets.xcassets */,
				ED257D52228707D4007835B7 /* Info.plist */,
			);
			path = Reciplease;
			sourceTree = "<group>";
		};
		ED257D58228707DE007835B7 /* Model */ = {
			isa = PBXGroup;
			children = (
				ED3D202F22C0D77E000D2775 /* CoreData */,
				ED257D6122873609007835B7 /* Recipes.swift */,
				ED257D5B228733A1007835B7 /* RecipesService.swift */,
				ED257D5D228735DC007835B7 /* RecipesProtocol.swift */,
				ED257D5F228735ED007835B7 /* RecipesSession.swift */,
				ED158F4922B3EAE100DED68A /* RecipeDetails.swift */,
			);
			path = Model;
			sourceTree = "<group>";
		};
		ED257D59228707E4007835B7 /* View */ = {
			isa = PBXGroup;
			children = (
				ED257D4F228707D4007835B7 /* LaunchScreen.storyboard */,
				ED257D4A228707D2007835B7 /* Main.storyboard */,
			);
			path = View;
			sourceTree = "<group>";
		};
		ED257D5A228707F6007835B7 /* Controller */ = {
			isa = PBXGroup;
			children = (
				ED257D48228707D2007835B7 /* SearchRecipesViewController.swift */,
				ED1FF4F722903E1D00E7861A /* RecipeResultDisplayViewController.swift */,
				ED1C339D229C7A00009C0908 /* DetailedRecipeResultViewController.swift */,
				ED2249F622A0722200E7E9C0 /* FavoriteRecipesViewController.swift */,
				ED2249F822A0726800E7E9C0 /* DetailedFavoriteRecipesViewController.swift */,
			);
			path = Controller;
			sourceTree = "<group>";
		};
		ED3D202F22C0D77E000D2775 /* CoreData */ = {
			isa = PBXGroup;
			children = (
				ED3D203022C0D7A4000D2775 /* Reciplease.xcdatamodeld */,
				ED3D203322C0D7BB000D2775 /* RecipeEntity.swift */,
				ED3D203522C0D7D1000D2775 /* IngredientEntity.swift */,
				ED3D203722C0D7E1000D2775 /* IngredientLineEntity.swift */,
			);
			name = CoreData;
			path = ../../CoreData;
			sourceTree = "<group>";
		};
		EDA1743222C9E8F800D3FA24 /* RecipleaseTests */ = {
			isa = PBXGroup;
			children = (
				ED182B4A22C65E79001F5723 /* Helpers */,
				EDA1743B22C9E92500D3FA24 /* Model */,
				EDA1743522C9E8F900D3FA24 /* Info.plist */,
			);
			path = RecipleaseTests;
			sourceTree = "<group>";
		};
		EDA1743B22C9E92500D3FA24 /* Model */ = {
			isa = PBXGroup;
			children = (
				EDA1743C22C9E93C00D3FA24 /* CoreData */,
				EDA1743F22C9ED8E00D3FA24 /* RecipesServiceTests.swift */,
			);
			path = Model;
			sourceTree = "<group>";
		};
		EDA1743C22C9E93C00D3FA24 /* CoreData */ = {
			isa = PBXGroup;
			children = (
				ED1A180822D4BA4100841454 /* CoreDataTests.swift */,
			);
			path = CoreData;
			sourceTree = "<group>";
		};
/* End PBXGroup section */

/* Begin PBXNativeTarget section */
		ED257D42228707D2007835B7 /* Reciplease */ = {
			isa = PBXNativeTarget;
			buildConfigurationList = ED257D55228707D4007835B7 /* Build configuration list for PBXNativeTarget "Reciplease" */;
			buildPhases = (
				EB5A429C32810043FF0EDA98 /* [CP] Check Pods Manifest.lock */,
				ED257D3F228707D2007835B7 /* Sources */,
				ED257D40228707D2007835B7 /* Frameworks */,
				ED257D41228707D2007835B7 /* Resources */,
				8E9BE9373EC061E0773CF281 /* [CP] Embed Pods Frameworks */,
			);
			buildRules = (
			);
			dependencies = (
			);
			name = Reciplease;
			productName = Reciplease;
			productReference = ED257D43228707D2007835B7 /* Reciplease.app */;
			productType = "com.apple.product-type.application";
		};
		EDA1743022C9E8F800D3FA24 /* RecipleaseTests */ = {
			isa = PBXNativeTarget;
			buildConfigurationList = EDA1743822C9E8F900D3FA24 /* Build configuration list for PBXNativeTarget "RecipleaseTests" */;
			buildPhases = (
				EDA1742D22C9E8F800D3FA24 /* Sources */,
				EDA1742E22C9E8F800D3FA24 /* Frameworks */,
				EDA1742F22C9E8F800D3FA24 /* Resources */,
			);
			buildRules = (
			);
			dependencies = (
				EDA1743722C9E8F900D3FA24 /* PBXTargetDependency */,
			);
			name = RecipleaseTests;
			productName = RecipleaseTests;
			productReference = EDA1743122C9E8F800D3FA24 /* RecipleaseTests.xctest */;
			productType = "com.apple.product-type.bundle.unit-test";
		};
/* End PBXNativeTarget section */

/* Begin PBXProject section */
		ED257D3B228707D2007835B7 /* Project object */ = {
			isa = PBXProject;
			attributes = {
				LastSwiftUpdateCheck = 1020;
				LastUpgradeCheck = 1020;
				ORGANIZATIONNAME = "Michael Favre";
				TargetAttributes = {
					ED257D42228707D2007835B7 = {
						CreatedOnToolsVersion = 10.2.1;
					};
					EDA1743022C9E8F800D3FA24 = {
						CreatedOnToolsVersion = 10.2.1;
						TestTargetID = ED257D42228707D2007835B7;
					};
				};
			};
			buildConfigurationList = ED257D3E228707D2007835B7 /* Build configuration list for PBXProject "Reciplease" */;
			compatibilityVersion = "Xcode 9.3";
			developmentRegion = en;
			hasScannedForEncodings = 0;
			knownRegions = (
				en,
				Base,
			);
			mainGroup = ED257D3A228707D2007835B7;
			productRefGroup = ED257D44228707D2007835B7 /* Products */;
			projectDirPath = "";
			projectRoot = "";
			targets = (
				ED257D42228707D2007835B7 /* Reciplease */,
				EDA1743022C9E8F800D3FA24 /* RecipleaseTests */,
			);
		};
/* End PBXProject section */

/* Begin PBXResourcesBuildPhase section */
		ED257D41228707D2007835B7 /* Resources */ = {
			isa = PBXResourcesBuildPhase;
			buildActionMask = 2147483647;
			files = (
				ED1F6DF622E9C540001706F1 /* Snap.mp3 in Resources */,
				EDF30C3822E8AA8000CF03C6 /* RecipeDetails.json in Resources */,
				ED257D67228738AB007835B7 /* Recipes.json in Resources */,
				ED257D51228707D4007835B7 /* LaunchScreen.storyboard in Resources */,
				ED257D4E228707D4007835B7 /* Assets.xcassets in Resources */,
				ED1F6DF422E9C536001706F1 /* Blend.mp3 in Resources */,
				ED2249FE22A0896D00E7E9C0 /* CustomTableViewCell.xib in Resources */,
				ED257D4C228707D2007835B7 /* Main.storyboard in Resources */,
			);
			runOnlyForDeploymentPostprocessing = 0;
		};
		EDA1742F22C9E8F800D3FA24 /* Resources */ = {
			isa = PBXResourcesBuildPhase;
			buildActionMask = 2147483647;
			files = (
				EDF30C3722E8A7E300CF03C6 /* RecipeDetails.json in Resources */,
			);
			runOnlyForDeploymentPostprocessing = 0;
		};
/* End PBXResourcesBuildPhase section */

/* Begin PBXShellScriptBuildPhase section */
		8E9BE9373EC061E0773CF281 /* [CP] Embed Pods Frameworks */ = {
			isa = PBXShellScriptBuildPhase;
			buildActionMask = 2147483647;
			files = (
			);
			inputFileListPaths = (
			);
			inputPaths = (
				"${PODS_ROOT}/Target Support Files/Pods-Reciplease/Pods-Reciplease-frameworks.sh",
				"${BUILT_PRODUCTS_DIR}/Alamofire/Alamofire.framework",
			);
			name = "[CP] Embed Pods Frameworks";
			outputFileListPaths = (
			);
			outputPaths = (
				"${TARGET_BUILD_DIR}/${FRAMEWORKS_FOLDER_PATH}/Alamofire.framework",
			);
			runOnlyForDeploymentPostprocessing = 0;
			shellPath = /bin/sh;
			shellScript = "\"${PODS_ROOT}/Target Support Files/Pods-Reciplease/Pods-Reciplease-frameworks.sh\"\n";
			showEnvVarsInLog = 0;
		};
		EB5A429C32810043FF0EDA98 /* [CP] Check Pods Manifest.lock */ = {
			isa = PBXShellScriptBuildPhase;
			buildActionMask = 2147483647;
			files = (
			);
			inputFileListPaths = (
			);
			inputPaths = (
				"${PODS_PODFILE_DIR_PATH}/Podfile.lock",
				"${PODS_ROOT}/Manifest.lock",
			);
			name = "[CP] Check Pods Manifest.lock";
			outputFileListPaths = (
			);
			outputPaths = (
				"$(DERIVED_FILE_DIR)/Pods-Reciplease-checkManifestLockResult.txt",
			);
			runOnlyForDeploymentPostprocessing = 0;
			shellPath = /bin/sh;
			shellScript = "diff \"${PODS_PODFILE_DIR_PATH}/Podfile.lock\" \"${PODS_ROOT}/Manifest.lock\" > /dev/null\nif [ $? != 0 ] ; then\n    # print error to STDERR\n    echo \"error: The sandbox is not in sync with the Podfile.lock. Run 'pod install' or update your CocoaPods installation.\" >&2\n    exit 1\nfi\n# This output is used by Xcode 'outputs' to avoid re-running this script phase.\necho \"SUCCESS\" > \"${SCRIPT_OUTPUT_FILE_0}\"\n";
			showEnvVarsInLog = 0;
		};
/* End PBXShellScriptBuildPhase section */

/* Begin PBXSourcesBuildPhase section */
		ED257D3F228707D2007835B7 /* Sources */ = {
			isa = PBXSourcesBuildPhase;
			buildActionMask = 2147483647;
			files = (
				ED2249F922A0726800E7E9C0 /* DetailedFavoriteRecipesViewController.swift in Sources */,
				ED2249F722A0722200E7E9C0 /* FavoriteRecipesViewController.swift in Sources */,
				ED257D49228707D2007835B7 /* SearchRecipesViewController.swift in Sources */,
				ED257D6222873609007835B7 /* Recipes.swift in Sources */,
				ED182B4C22C65EBC001F5723 /* FakeResponse.swift in Sources */,
				ED257D60228735ED007835B7 /* RecipesSession.swift in Sources */,
				ED182B4E22C65ECE001F5723 /* FakeResponseData.swift in Sources */,
				ED257D5E228735DC007835B7 /* RecipesProtocol.swift in Sources */,
				ED182B5022C66112001F5723 /* RecipesSessionFake.swift in Sources */,
				ED3D203622C0D7D1000D2775 /* IngredientEntity.swift in Sources */,
				ED257D47228707D2007835B7 /* AppDelegate.swift in Sources */,
				ED158F4A22B3EAE100DED68A /* RecipeDetails.swift in Sources */,
				ED2249FD22A0896D00E7E9C0 /* CustomTableViewCell.swift in Sources */,
				ED3D203222C0D7A4000D2775 /* Reciplease.xcdatamodeld in Sources */,
				EDF30C3A22E8CD7600CF03C6 /* UIViewController.swift in Sources */,
				ED1FF4F822903E1D00E7861A /* RecipeResultDisplayViewController.swift in Sources */,
				ED3D203422C0D7BB000D2775 /* RecipeEntity.swift in Sources */,
				ED17EE1122A178C4000D7BC4 /* String.swift in Sources */,
				ED3D203822C0D7E1000D2775 /* IngredientLineEntity.swift in Sources */,
				ED257D5C228733A1007835B7 /* RecipesService.swift in Sources */,
				ED1C339E229C7A00009C0908 /* DetailedRecipeResultViewController.swift in Sources */,
				ED17EE1322A17C50000D7BC4 /* Int.swift in Sources */,
			);
			runOnlyForDeploymentPostprocessing = 0;
		};
		EDA1742D22C9E8F800D3FA24 /* Sources */ = {
			isa = PBXSourcesBuildPhase;
			buildActionMask = 2147483647;
			files = (
				ED1A180922D4BA4100841454 /* CoreDataTests.swift in Sources */,
				EDA1744022C9ED8E00D3FA24 /* RecipesServiceTests.swift in Sources */,
			);
			runOnlyForDeploymentPostprocessing = 0;
		};
/* End PBXSourcesBuildPhase section */

/* Begin PBXTargetDependency section */
		EDA1743722C9E8F900D3FA24 /* PBXTargetDependency */ = {
			isa = PBXTargetDependency;
			target = ED257D42228707D2007835B7 /* Reciplease */;
			targetProxy = EDA1743622C9E8F900D3FA24 /* PBXContainerItemProxy */;
		};
/* End PBXTargetDependency section */

/* Begin PBXVariantGroup section */
		ED257D4A228707D2007835B7 /* Main.storyboard */ = {
			isa = PBXVariantGroup;
			children = (
				ED257D4B228707D2007835B7 /* Base */,
			);
			name = Main.storyboard;
			sourceTree = "<group>";
		};
		ED257D4F228707D4007835B7 /* LaunchScreen.storyboard */ = {
			isa = PBXVariantGroup;
			children = (
				ED257D50228707D4007835B7 /* Base */,
			);
			name = LaunchScreen.storyboard;
			sourceTree = "<group>";
			usesTabs = 0;
		};
/* End PBXVariantGroup section */

/* Begin XCBuildConfiguration section */
		ED257D53228707D4007835B7 /* Debug */ = {
			isa = XCBuildConfiguration;
			buildSettings = {
				ALWAYS_SEARCH_USER_PATHS = NO;
				CLANG_ANALYZER_NONNULL = YES;
				CLANG_ANALYZER_NUMBER_OBJECT_CONVERSION = YES_AGGRESSIVE;
				CLANG_CXX_LANGUAGE_STANDARD = "gnu++14";
				CLANG_CXX_LIBRARY = "libc++";
				CLANG_ENABLE_MODULES = YES;
				CLANG_ENABLE_OBJC_ARC = YES;
				CLANG_ENABLE_OBJC_WEAK = YES;
				CLANG_WARN_BLOCK_CAPTURE_AUTORELEASING = YES;
				CLANG_WARN_BOOL_CONVERSION = YES;
				CLANG_WARN_COMMA = YES;
				CLANG_WARN_CONSTANT_CONVERSION = YES;
				CLANG_WARN_DEPRECATED_OBJC_IMPLEMENTATIONS = YES;
				CLANG_WARN_DIRECT_OBJC_ISA_USAGE = YES_ERROR;
				CLANG_WARN_DOCUMENTATION_COMMENTS = YES;
				CLANG_WARN_EMPTY_BODY = YES;
				CLANG_WARN_ENUM_CONVERSION = YES;
				CLANG_WARN_INFINITE_RECURSION = YES;
				CLANG_WARN_INT_CONVERSION = YES;
				CLANG_WARN_NON_LITERAL_NULL_CONVERSION = YES;
				CLANG_WARN_OBJC_IMPLICIT_RETAIN_SELF = YES;
				CLANG_WARN_OBJC_LITERAL_CONVERSION = YES;
				CLANG_WARN_OBJC_ROOT_CLASS = YES_ERROR;
				CLANG_WARN_RANGE_LOOP_ANALYSIS = YES;
				CLANG_WARN_STRICT_PROTOTYPES = YES;
				CLANG_WARN_SUSPICIOUS_MOVE = YES;
				CLANG_WARN_UNGUARDED_AVAILABILITY = YES_AGGRESSIVE;
				CLANG_WARN_UNREACHABLE_CODE = YES;
				CLANG_WARN__DUPLICATE_METHOD_MATCH = YES;
				CODE_SIGN_IDENTITY = "iPhone Developer";
				COPY_PHASE_STRIP = NO;
				DEBUG_INFORMATION_FORMAT = dwarf;
				ENABLE_STRICT_OBJC_MSGSEND = YES;
				ENABLE_TESTABILITY = YES;
				GCC_C_LANGUAGE_STANDARD = gnu11;
				GCC_DYNAMIC_NO_PIC = NO;
				GCC_NO_COMMON_BLOCKS = YES;
				GCC_OPTIMIZATION_LEVEL = 0;
				GCC_PREPROCESSOR_DEFINITIONS = (
					"DEBUG=1",
					"$(inherited)",
				);
				GCC_WARN_64_TO_32_BIT_CONVERSION = YES;
				GCC_WARN_ABOUT_RETURN_TYPE = YES_ERROR;
				GCC_WARN_UNDECLARED_SELECTOR = YES;
				GCC_WARN_UNINITIALIZED_AUTOS = YES_AGGRESSIVE;
				GCC_WARN_UNUSED_FUNCTION = YES;
				GCC_WARN_UNUSED_VARIABLE = YES;
				IPHONEOS_DEPLOYMENT_TARGET = 12.2;
				MTL_ENABLE_DEBUG_INFO = INCLUDE_SOURCE;
				MTL_FAST_MATH = YES;
				ONLY_ACTIVE_ARCH = YES;
				SDKROOT = iphoneos;
				SWIFT_ACTIVE_COMPILATION_CONDITIONS = DEBUG;
				SWIFT_OPTIMIZATION_LEVEL = "-Onone";
			};
			name = Debug;
		};
		ED257D54228707D4007835B7 /* Release */ = {
			isa = XCBuildConfiguration;
			buildSettings = {
				ALWAYS_SEARCH_USER_PATHS = NO;
				CLANG_ANALYZER_NONNULL = YES;
				CLANG_ANALYZER_NUMBER_OBJECT_CONVERSION = YES_AGGRESSIVE;
				CLANG_CXX_LANGUAGE_STANDARD = "gnu++14";
				CLANG_CXX_LIBRARY = "libc++";
				CLANG_ENABLE_MODULES = YES;
				CLANG_ENABLE_OBJC_ARC = YES;
				CLANG_ENABLE_OBJC_WEAK = YES;
				CLANG_WARN_BLOCK_CAPTURE_AUTORELEASING = YES;
				CLANG_WARN_BOOL_CONVERSION = YES;
				CLANG_WARN_COMMA = YES;
				CLANG_WARN_CONSTANT_CONVERSION = YES;
				CLANG_WARN_DEPRECATED_OBJC_IMPLEMENTATIONS = YES;
				CLANG_WARN_DIRECT_OBJC_ISA_USAGE = YES_ERROR;
				CLANG_WARN_DOCUMENTATION_COMMENTS = YES;
				CLANG_WARN_EMPTY_BODY = YES;
				CLANG_WARN_ENUM_CONVERSION = YES;
				CLANG_WARN_INFINITE_RECURSION = YES;
				CLANG_WARN_INT_CONVERSION = YES;
				CLANG_WARN_NON_LITERAL_NULL_CONVERSION = YES;
				CLANG_WARN_OBJC_IMPLICIT_RETAIN_SELF = YES;
				CLANG_WARN_OBJC_LITERAL_CONVERSION = YES;
				CLANG_WARN_OBJC_ROOT_CLASS = YES_ERROR;
				CLANG_WARN_RANGE_LOOP_ANALYSIS = YES;
				CLANG_WARN_STRICT_PROTOTYPES = YES;
				CLANG_WARN_SUSPICIOUS_MOVE = YES;
				CLANG_WARN_UNGUARDED_AVAILABILITY = YES_AGGRESSIVE;
				CLANG_WARN_UNREACHABLE_CODE = YES;
				CLANG_WARN__DUPLICATE_METHOD_MATCH = YES;
				CODE_SIGN_IDENTITY = "iPhone Developer";
				COPY_PHASE_STRIP = NO;
				DEBUG_INFORMATION_FORMAT = "dwarf-with-dsym";
				ENABLE_NS_ASSERTIONS = NO;
				ENABLE_STRICT_OBJC_MSGSEND = YES;
				GCC_C_LANGUAGE_STANDARD = gnu11;
				GCC_NO_COMMON_BLOCKS = YES;
				GCC_WARN_64_TO_32_BIT_CONVERSION = YES;
				GCC_WARN_ABOUT_RETURN_TYPE = YES_ERROR;
				GCC_WARN_UNDECLARED_SELECTOR = YES;
				GCC_WARN_UNINITIALIZED_AUTOS = YES_AGGRESSIVE;
				GCC_WARN_UNUSED_FUNCTION = YES;
				GCC_WARN_UNUSED_VARIABLE = YES;
				IPHONEOS_DEPLOYMENT_TARGET = 12.2;
				MTL_ENABLE_DEBUG_INFO = NO;
				MTL_FAST_MATH = YES;
				SDKROOT = iphoneos;
				SWIFT_COMPILATION_MODE = wholemodule;
				SWIFT_OPTIMIZATION_LEVEL = "-O";
				VALIDATE_PRODUCT = YES;
			};
			name = Release;
		};
		ED257D56228707D4007835B7 /* Debug */ = {
			isa = XCBuildConfiguration;
			baseConfigurationReference = 4A41495E53A1BE88DE6E8D00 /* Pods-Reciplease.debug.xcconfig */;
			buildSettings = {
				ASSETCATALOG_COMPILER_APPICON_NAME = AppIcon;
				CODE_SIGN_STYLE = Automatic;
				DEVELOPMENT_TEAM = 5J9C5S965J;
				INFOPLIST_FILE = Reciplease/Info.plist;
				LD_RUNPATH_SEARCH_PATHS = (
					"$(inherited)",
					"@executable_path/Frameworks",
				);
				PRODUCT_BUNDLE_IDENTIFIER = fr.favremichael.Reciplease;
				PRODUCT_NAME = "$(TARGET_NAME)";
				SWIFT_VERSION = 5.0;
				TARGETED_DEVICE_FAMILY = 1;
			};
			name = Debug;
		};
		ED257D57228707D4007835B7 /* Release */ = {
			isa = XCBuildConfiguration;
			baseConfigurationReference = 9E5C5A15172758DA12051074 /* Pods-Reciplease.release.xcconfig */;
			buildSettings = {
				ASSETCATALOG_COMPILER_APPICON_NAME = AppIcon;
				CODE_SIGN_STYLE = Automatic;
				DEVELOPMENT_TEAM = 5J9C5S965J;
				INFOPLIST_FILE = Reciplease/Info.plist;
				LD_RUNPATH_SEARCH_PATHS = (
					"$(inherited)",
					"@executable_path/Frameworks",
				);
				PRODUCT_BUNDLE_IDENTIFIER = fr.favremichael.Reciplease;
				PRODUCT_NAME = "$(TARGET_NAME)";
				SWIFT_VERSION = 5.0;
				TARGETED_DEVICE_FAMILY = 1;
			};
			name = Release;
		};
		EDA1743922C9E8F900D3FA24 /* Debug */ = {
			isa = XCBuildConfiguration;
			buildSettings = {
				BUNDLE_LOADER = "$(TEST_HOST)";
				CODE_SIGN_STYLE = Automatic;
				INFOPLIST_FILE = RecipleaseTests/Info.plist;
				LD_RUNPATH_SEARCH_PATHS = (
					"$(inherited)",
					"@executable_path/Frameworks",
					"@loader_path/Frameworks",
				);
				PRODUCT_BUNDLE_IDENTIFIER = fr.favremichael.RecipleaseTests;
				PRODUCT_NAME = "$(TARGET_NAME)";
				SWIFT_VERSION = 5.0;
				TARGETED_DEVICE_FAMILY = "1,2";
				TEST_HOST = "$(BUILT_PRODUCTS_DIR)/Reciplease.app/Reciplease";
			};
			name = Debug;
		};
		EDA1743A22C9E8F900D3FA24 /* Release */ = {
			isa = XCBuildConfiguration;
			buildSettings = {
				BUNDLE_LOADER = "$(TEST_HOST)";
				CODE_SIGN_STYLE = Automatic;
				INFOPLIST_FILE = RecipleaseTests/Info.plist;
				LD_RUNPATH_SEARCH_PATHS = (
					"$(inherited)",
					"@executable_path/Frameworks",
					"@loader_path/Frameworks",
				);
				PRODUCT_BUNDLE_IDENTIFIER = fr.favremichael.RecipleaseTests;
				PRODUCT_NAME = "$(TARGET_NAME)";
				SWIFT_VERSION = 5.0;
				TARGETED_DEVICE_FAMILY = "1,2";
				TEST_HOST = "$(BUILT_PRODUCTS_DIR)/Reciplease.app/Reciplease";
			};
			name = Release;
		};
/* End XCBuildConfiguration section */

/* Begin XCConfigurationList section */
		ED257D3E228707D2007835B7 /* Build configuration list for PBXProject "Reciplease" */ = {
			isa = XCConfigurationList;
			buildConfigurations = (
				ED257D53228707D4007835B7 /* Debug */,
				ED257D54228707D4007835B7 /* Release */,
			);
			defaultConfigurationIsVisible = 0;
			defaultConfigurationName = Release;
		};
		ED257D55228707D4007835B7 /* Build configuration list for PBXNativeTarget "Reciplease" */ = {
			isa = XCConfigurationList;
			buildConfigurations = (
				ED257D56228707D4007835B7 /* Debug */,
				ED257D57228707D4007835B7 /* Release */,
			);
			defaultConfigurationIsVisible = 0;
			defaultConfigurationName = Release;
		};
		EDA1743822C9E8F900D3FA24 /* Build configuration list for PBXNativeTarget "RecipleaseTests" */ = {
			isa = XCConfigurationList;
			buildConfigurations = (
				EDA1743922C9E8F900D3FA24 /* Debug */,
				EDA1743A22C9E8F900D3FA24 /* Release */,
			);
			defaultConfigurationIsVisible = 0;
			defaultConfigurationName = Release;
		};
/* End XCConfigurationList section */

/* Begin XCVersionGroup section */
		ED3D203022C0D7A4000D2775 /* Reciplease.xcdatamodeld */ = {
			isa = XCVersionGroup;
			children = (
				ED3D203122C0D7A4000D2775 /* Reciplease.xcdatamodel */,
			);
			currentVersion = ED3D203122C0D7A4000D2775 /* Reciplease.xcdatamodel */;
			path = Reciplease.xcdatamodeld;
			sourceTree = "<group>";
			versionGroupType = wrapper.xcdatamodel;
		};
/* End XCVersionGroup section */
	};
	rootObject = ED257D3B228707D2007835B7 /* Project object */;
}
