// !$*UTF8*$!
{
	archiveVersion = 1;
	classes = {
	};
	objectVersion = 50;
	objects = {

/* Begin PBXBuildFile section */
		E5DDF2541C4B75A4766FB4C1 /* Pods_Reciplease.framework in Frameworks */ = {isa = PBXBuildFile; fileRef = C65CBDD1907D556C923F7401 /* Pods_Reciplease.framework */; };
		ED1C339E229C7A00009C0908 /* DetailedRecipeResultViewController.swift in Sources */ = {isa = PBXBuildFile; fileRef = ED1C339D229C7A00009C0908 /* DetailedRecipeResultViewController.swift */; };
		ED1FF4F822903E1D00E7861A /* RecipeResultDisplayViewController.swift in Sources */ = {isa = PBXBuildFile; fileRef = ED1FF4F722903E1D00E7861A /* RecipeResultDisplayViewController.swift */; };
		ED2249F722A0722200E7E9C0 /* FavoriteRecipesViewController.swift in Sources */ = {isa = PBXBuildFile; fileRef = ED2249F622A0722200E7E9C0 /* FavoriteRecipesViewController.swift */; };
		ED2249F922A0726800E7E9C0 /* DetailedFavoriteRecipesViewController.swift in Sources */ = {isa = PBXBuildFile; fileRef = ED2249F822A0726800E7E9C0 /* DetailedFavoriteRecipesViewController.swift */; };
		ED2249FD22A0896D00E7E9C0 /* CustomTableViewCell.swift in Sources */ = {isa = PBXBuildFile; fileRef = ED2249FB22A0896D00E7E9C0 /* CustomTableViewCell.swift */; };
		ED2249FE22A0896D00E7E9C0 /* CustomTableViewCell.xib in Resources */ = {isa = PBXBuildFile; fileRef = ED2249FC22A0896D00E7E9C0 /* CustomTableViewCell.xib */; };
		ED224A0222A08E3A00E7E9C0 /* CustomCell.swift in Sources */ = {isa = PBXBuildFile; fileRef = ED224A0122A08E3A00E7E9C0 /* CustomCell.swift */; };
		ED257D47228707D2007835B7 /* AppDelegate.swift in Sources */ = {isa = PBXBuildFile; fileRef = ED257D46228707D2007835B7 /* AppDelegate.swift */; };
		ED257D49228707D2007835B7 /* SearchRecipesViewController.swift in Sources */ = {isa = PBXBuildFile; fileRef = ED257D48228707D2007835B7 /* SearchRecipesViewController.swift */; };
		ED257D4C228707D2007835B7 /* Main.storyboard in Resources */ = {isa = PBXBuildFile; fileRef = ED257D4A228707D2007835B7 /* Main.storyboard */; };
		ED257D4E228707D4007835B7 /* Assets.xcassets in Resources */ = {isa = PBXBuildFile; fileRef = ED257D4D228707D4007835B7 /* Assets.xcassets */; };
		ED257D51228707D4007835B7 /* LaunchScreen.storyboard in Resources */ = {isa = PBXBuildFile; fileRef = ED257D4F228707D4007835B7 /* LaunchScreen.storyboard */; };
		ED257D5C228733A1007835B7 /* RecipesService.swift in Sources */ = {isa = PBXBuildFile; fileRef = ED257D5B228733A1007835B7 /* RecipesService.swift */; };
		ED257D5E228735DC007835B7 /* RecipesProtocol.swift in Sources */ = {isa = PBXBuildFile; fileRef = ED257D5D228735DC007835B7 /* RecipesProtocol.swift */; };
		ED257D60228735ED007835B7 /* RecipesSession.swift in Sources */ = {isa = PBXBuildFile; fileRef = ED257D5F228735ED007835B7 /* RecipesSession.swift */; };
		ED257D6222873609007835B7 /* Recipes.swift in Sources */ = {isa = PBXBuildFile; fileRef = ED257D6122873609007835B7 /* Recipes.swift */; };
		ED257D67228738AB007835B7 /* Yummly.json in Resources */ = {isa = PBXBuildFile; fileRef = ED257D66228738AB007835B7 /* Yummly.json */; };
		ED257D6A22877E87007835B7 /* FakeResponse.swift in Sources */ = {isa = PBXBuildFile; fileRef = ED257D6922877E87007835B7 /* FakeResponse.swift */; };
		ED257D6C22877E97007835B7 /* FakeResponseData.swift in Sources */ = {isa = PBXBuildFile; fileRef = ED257D6B22877E97007835B7 /* FakeResponseData.swift */; };
		ED257D6E22877EF8007835B7 /* RecipesSessionFake.swift in Sources */ = {isa = PBXBuildFile; fileRef = ED257D6D22877EF8007835B7 /* RecipesSessionFake.swift */; };
/* End PBXBuildFile section */

/* Begin PBXFileReference section */
		4A41495E53A1BE88DE6E8D00 /* Pods-Reciplease.debug.xcconfig */ = {isa = PBXFileReference; includeInIndex = 1; lastKnownFileType = text.xcconfig; name = "Pods-Reciplease.debug.xcconfig"; path = "Target Support Files/Pods-Reciplease/Pods-Reciplease.debug.xcconfig"; sourceTree = "<group>"; };
		9E5C5A15172758DA12051074 /* Pods-Reciplease.release.xcconfig */ = {isa = PBXFileReference; includeInIndex = 1; lastKnownFileType = text.xcconfig; name = "Pods-Reciplease.release.xcconfig"; path = "Target Support Files/Pods-Reciplease/Pods-Reciplease.release.xcconfig"; sourceTree = "<group>"; };
		C65CBDD1907D556C923F7401 /* Pods_Reciplease.framework */ = {isa = PBXFileReference; explicitFileType = wrapper.framework; includeInIndex = 0; path = Pods_Reciplease.framework; sourceTree = BUILT_PRODUCTS_DIR; };
		ED1C339D229C7A00009C0908 /* DetailedRecipeResultViewController.swift */ = {isa = PBXFileReference; lastKnownFileType = sourcecode.swift; path = DetailedRecipeResultViewController.swift; sourceTree = "<group>"; };
		ED1FF4F722903E1D00E7861A /* RecipeResultDisplayViewController.swift */ = {isa = PBXFileReference; lastKnownFileType = sourcecode.swift; path = RecipeResultDisplayViewController.swift; sourceTree = "<group>"; };
		ED2249F622A0722200E7E9C0 /* FavoriteRecipesViewController.swift */ = {isa = PBXFileReference; lastKnownFileType = sourcecode.swift; path = FavoriteRecipesViewController.swift; sourceTree = "<group>"; };
		ED2249F822A0726800E7E9C0 /* DetailedFavoriteRecipesViewController.swift */ = {isa = PBXFileReference; lastKnownFileType = sourcecode.swift; path = DetailedFavoriteRecipesViewController.swift; sourceTree = "<group>"; };
		ED2249FB22A0896D00E7E9C0 /* CustomTableViewCell.swift */ = {isa = PBXFileReference; lastKnownFileType = sourcecode.swift; path = CustomTableViewCell.swift; sourceTree = "<group>"; };
		ED2249FC22A0896D00E7E9C0 /* CustomTableViewCell.xib */ = {isa = PBXFileReference; lastKnownFileType = file.xib; path = CustomTableViewCell.xib; sourceTree = "<group>"; };
		ED224A0122A08E3A00E7E9C0 /* CustomCell.swift */ = {isa = PBXFileReference; lastKnownFileType = sourcecode.swift; path = CustomCell.swift; sourceTree = "<group>"; };
		ED257D43228707D2007835B7 /* Reciplease.app */ = {isa = PBXFileReference; explicitFileType = wrapper.application; includeInIndex = 0; path = Reciplease.app; sourceTree = BUILT_PRODUCTS_DIR; };
		ED257D46228707D2007835B7 /* AppDelegate.swift */ = {isa = PBXFileReference; lastKnownFileType = sourcecode.swift; path = AppDelegate.swift; sourceTree = "<group>"; };
		ED257D48228707D2007835B7 /* SearchRecipesViewController.swift */ = {isa = PBXFileReference; lastKnownFileType = sourcecode.swift; path = SearchRecipesViewController.swift; sourceTree = "<group>"; };
		ED257D4B228707D2007835B7 /* Base */ = {isa = PBXFileReference; lastKnownFileType = file.storyboard; name = Base; path = Base.lproj/Main.storyboard; sourceTree = "<group>"; };
		ED257D4D228707D4007835B7 /* Assets.xcassets */ = {isa = PBXFileReference; lastKnownFileType = folder.assetcatalog; path = Assets.xcassets; sourceTree = "<group>"; };
		ED257D50228707D4007835B7 /* Base */ = {isa = PBXFileReference; lastKnownFileType = file.storyboard; name = Base; path = Base.lproj/LaunchScreen.storyboard; sourceTree = "<group>"; };
		ED257D52228707D4007835B7 /* Info.plist */ = {isa = PBXFileReference; lastKnownFileType = text.plist.xml; path = Info.plist; sourceTree = "<group>"; };
		ED257D5B228733A1007835B7 /* RecipesService.swift */ = {isa = PBXFileReference; lastKnownFileType = sourcecode.swift; path = RecipesService.swift; sourceTree = "<group>"; };
		ED257D5D228735DC007835B7 /* RecipesProtocol.swift */ = {isa = PBXFileReference; lastKnownFileType = sourcecode.swift; path = RecipesProtocol.swift; sourceTree = "<group>"; };
		ED257D5F228735ED007835B7 /* RecipesSession.swift */ = {isa = PBXFileReference; lastKnownFileType = sourcecode.swift; path = RecipesSession.swift; sourceTree = "<group>"; };
		ED257D6122873609007835B7 /* Recipes.swift */ = {isa = PBXFileReference; lastKnownFileType = sourcecode.swift; path = Recipes.swift; sourceTree = "<group>"; };
		ED257D66228738AB007835B7 /* Yummly.json */ = {isa = PBXFileReference; lastKnownFileType = text.json; path = Yummly.json; sourceTree = "<group>"; };
		ED257D6922877E87007835B7 /* FakeResponse.swift */ = {isa = PBXFileReference; lastKnownFileType = sourcecode.swift; path = FakeResponse.swift; sourceTree = "<group>"; };
		ED257D6B22877E97007835B7 /* FakeResponseData.swift */ = {isa = PBXFileReference; lastKnownFileType = sourcecode.swift; path = FakeResponseData.swift; sourceTree = "<group>"; };
		ED257D6D22877EF8007835B7 /* RecipesSessionFake.swift */ = {isa = PBXFileReference; lastKnownFileType = sourcecode.swift; path = RecipesSessionFake.swift; sourceTree = "<group>"; };
/* End PBXFileReference section */

/* Begin PBXFrameworksBuildPhase section */
		ED257D40228707D2007835B7 /* Frameworks */ = {
			isa = PBXFrameworksBuildPhase;
			buildActionMask = 2147483647;
			files = (
				E5DDF2541C4B75A4766FB4C1 /* Pods_Reciplease.framework in Frameworks */,
			);
			runOnlyForDeploymentPostprocessing = 0;
		};
/* End PBXFrameworksBuildPhase section */

/* Begin PBXGroup section */
		76093CB31B58B425D063A5A9 /* Pods */ = {
			isa = PBXGroup;
			children = (
				4A41495E53A1BE88DE6E8D00 /* Pods-Reciplease.debug.xcconfig */,
				9E5C5A15172758DA12051074 /* Pods-Reciplease.release.xcconfig */,
			);
			path = Pods;
			sourceTree = "<group>";
		};
		CA5DB4A4D9FE00F1906A37F7 /* Frameworks */ = {
			isa = PBXGroup;
			children = (
				C65CBDD1907D556C923F7401 /* Pods_Reciplease.framework */,
			);
			name = Frameworks;
			sourceTree = "<group>";
		};
		ED2249FA22A088D700E7E9C0 /* Cells */ = {
			isa = PBXGroup;
			children = (
				ED2249FB22A0896D00E7E9C0 /* CustomTableViewCell.swift */,
				ED2249FC22A0896D00E7E9C0 /* CustomTableViewCell.xib */,
				ED224A0122A08E3A00E7E9C0 /* CustomCell.swift */,
			);
			path = Cells;
			sourceTree = "<group>";
		};
		ED257D3A228707D2007835B7 = {
			isa = PBXGroup;
			children = (
				ED257D45228707D2007835B7 /* Reciplease */,
				ED257D58228707DE007835B7 /* Model */,
				ED257D59228707E4007835B7 /* View */,
				ED2249FA22A088D700E7E9C0 /* Cells */,
				ED257D5A228707F6007835B7 /* Controller */,
				ED257D6822877E44007835B7 /* Helpers */,
				ED257D6322873870007835B7 /* JSON */,
				ED257D7122877FDD007835B7 /* Tests */,
				ED257D44228707D2007835B7 /* Products */,
				76093CB31B58B425D063A5A9 /* Pods */,
				CA5DB4A4D9FE00F1906A37F7 /* Frameworks */,
			);
			sourceTree = "<group>";
		};
		ED257D44228707D2007835B7 /* Products */ = {
			isa = PBXGroup;
			children = (
				ED257D43228707D2007835B7 /* Reciplease.app */,
			);
			name = Products;
			sourceTree = "<group>";
		};
		ED257D45228707D2007835B7 /* Reciplease */ = {
			isa = PBXGroup;
			children = (
				ED257D46228707D2007835B7 /* AppDelegate.swift */,
				ED257D4D228707D4007835B7 /* Assets.xcassets */,
				ED257D52228707D4007835B7 /* Info.plist */,
			);
			path = Reciplease;
			sourceTree = "<group>";
		};
		ED257D58228707DE007835B7 /* Model */ = {
			isa = PBXGroup;
			children = (
				ED257D6122873609007835B7 /* Recipes.swift */,
				ED257D5B228733A1007835B7 /* RecipesService.swift */,
				ED257D5D228735DC007835B7 /* RecipesProtocol.swift */,
				ED257D5F228735ED007835B7 /* RecipesSession.swift */,
			);
			path = Model;
			sourceTree = "<group>";
		};
		ED257D59228707E4007835B7 /* View */ = {
			isa = PBXGroup;
			children = (
				ED257D4F228707D4007835B7 /* LaunchScreen.storyboard */,
				ED257D4A228707D2007835B7 /* Main.storyboard */,
			);
			path = View;
			sourceTree = "<group>";
		};
		ED257D5A228707F6007835B7 /* Controller */ = {
			isa = PBXGroup;
			children = (
				ED257D48228707D2007835B7 /* SearchRecipesViewController.swift */,
				ED1FF4F722903E1D00E7861A /* RecipeResultDisplayViewController.swift */,
				ED1C339D229C7A00009C0908 /* DetailedRecipeResultViewController.swift */,
				ED2249F622A0722200E7E9C0 /* FavoriteRecipesViewController.swift */,
				ED2249F822A0726800E7E9C0 /* DetailedFavoriteRecipesViewController.swift */,
			);
			path = Controller;
			sourceTree = "<group>";
		};
		ED257D6322873870007835B7 /* JSON */ = {
			isa = PBXGroup;
			children = (
				ED257D66228738AB007835B7 /* Yummly.json */,
			);
			path = JSON;
			sourceTree = "<group>";
		};
		ED257D6822877E44007835B7 /* Helpers */ = {
			isa = PBXGroup;
			children = (
				ED257D6922877E87007835B7 /* FakeResponse.swift */,
				ED257D6B22877E97007835B7 /* FakeResponseData.swift */,
				ED257D6D22877EF8007835B7 /* RecipesSessionFake.swift */,
			);
			path = Helpers;
			sourceTree = "<group>";
		};
		ED257D7122877FDD007835B7 /* Tests */ = {
			isa = PBXGroup;
			children = (
			);
			path = Tests;
			sourceTree = "<group>";
		};
/* End PBXGroup section */

/* Begin PBXNativeTarget section */
		ED257D42228707D2007835B7 /* Reciplease */ = {
			isa = PBXNativeTarget;
			buildConfigurationList = ED257D55228707D4007835B7 /* Build configuration list for PBXNativeTarget "Reciplease" */;
			buildPhases = (
				EB5A429C32810043FF0EDA98 /* [CP] Check Pods Manifest.lock */,
				ED257D3F228707D2007835B7 /* Sources */,
				ED257D40228707D2007835B7 /* Frameworks */,
				ED257D41228707D2007835B7 /* Resources */,
				8E9BE9373EC061E0773CF281 /* [CP] Embed Pods Frameworks */,
			);
			buildRules = (
			);
			dependencies = (
			);
			name = Reciplease;
			productName = Reciplease;
			productReference = ED257D43228707D2007835B7 /* Reciplease.app */;
			productType = "com.apple.product-type.application";
		};
/* End PBXNativeTarget section */

/* Begin PBXProject section */
		ED257D3B228707D2007835B7 /* Project object */ = {
			isa = PBXProject;
			attributes = {
				LastSwiftUpdateCheck = 1020;
				LastUpgradeCheck = 1020;
				ORGANIZATIONNAME = "Michael Favre";
				TargetAttributes = {
					ED257D42228707D2007835B7 = {
						CreatedOnToolsVersion = 10.2.1;
					};
				};
			};
			buildConfigurationList = ED257D3E228707D2007835B7 /* Build configuration list for PBXProject "Reciplease" */;
			compatibilityVersion = "Xcode 9.3";
			developmentRegion = en;
			hasScannedForEncodings = 0;
			knownRegions = (
				en,
				Base,
			);
			mainGroup = ED257D3A228707D2007835B7;
			productRefGroup = ED257D44228707D2007835B7 /* Products */;
			projectDirPath = "";
			projectRoot = "";
			targets = (
				ED257D42228707D2007835B7 /* Reciplease */,
			);
		};
/* End PBXProject section */

/* Begin PBXResourcesBuildPhase section */
		ED257D41228707D2007835B7 /* Resources */ = {
			isa = PBXResourcesBuildPhase;
			buildActionMask = 2147483647;
			files = (
				ED257D67228738AB007835B7 /* Yummly.json in Resources */,
				ED257D51228707D4007835B7 /* LaunchScreen.storyboard in Resources */,
				ED257D4E228707D4007835B7 /* Assets.xcassets in Resources */,
				ED2249FE22A0896D00E7E9C0 /* CustomTableViewCell.xib in Resources */,
				ED257D4C228707D2007835B7 /* Main.storyboard in Resources */,
			);
			runOnlyForDeploymentPostprocessing = 0;
		};
/* End PBXResourcesBuildPhase section */

/* Begin PBXShellScriptBuildPhase section */
		8E9BE9373EC061E0773CF281 /* [CP] Embed Pods Frameworks */ = {
			isa = PBXShellScriptBuildPhase;
			buildActionMask = 2147483647;
			files = (
			);
			inputFileListPaths = (
			);
			inputPaths = (
				"${PODS_ROOT}/Target Support Files/Pods-Reciplease/Pods-Reciplease-frameworks.sh",
				"${BUILT_PRODUCTS_DIR}/Alamofire/Alamofire.framework",
			);
			name = "[CP] Embed Pods Frameworks";
			outputFileListPaths = (
			);
			outputPaths = (
				"${TARGET_BUILD_DIR}/${FRAMEWORKS_FOLDER_PATH}/Alamofire.framework",
			);
			runOnlyForDeploymentPostprocessing = 0;
			shellPath = /bin/sh;
			shellScript = "\"${PODS_ROOT}/Target Support Files/Pods-Reciplease/Pods-Reciplease-frameworks.sh\"\n";
			showEnvVarsInLog = 0;
		};
		EB5A429C32810043FF0EDA98 /* [CP] Check Pods Manifest.lock */ = {
			isa = PBXShellScriptBuildPhase;
			buildActionMask = 2147483647;
			files = (
			);
			inputFileListPaths = (
			);
			inputPaths = (
				"${PODS_PODFILE_DIR_PATH}/Podfile.lock",
				"${PODS_ROOT}/Manifest.lock",
			);
			name = "[CP] Check Pods Manifest.lock";
			outputFileListPaths = (
			);
			outputPaths = (
				"$(DERIVED_FILE_DIR)/Pods-Reciplease-checkManifestLockResult.txt",
			);
			runOnlyForDeploymentPostprocessing = 0;
			shellPath = /bin/sh;
			shellScript = "diff \"${PODS_PODFILE_DIR_PATH}/Podfile.lock\" \"${PODS_ROOT}/Manifest.lock\" > /dev/null\nif [ $? != 0 ] ; then\n    # print error to STDERR\n    echo \"error: The sandbox is not in sync with the Podfile.lock. Run 'pod install' or update your CocoaPods installation.\" >&2\n    exit 1\nfi\n# This output is used by Xcode 'outputs' to avoid re-running this script phase.\necho \"SUCCESS\" > \"${SCRIPT_OUTPUT_FILE_0}\"\n";
			showEnvVarsInLog = 0;
		};
/* End PBXShellScriptBuildPhase section */

/* Begin PBXSourcesBuildPhase section */
		ED257D3F228707D2007835B7 /* Sources */ = {
			isa = PBXSourcesBuildPhase;
			buildActionMask = 2147483647;
			files = (
				ED2249F922A0726800E7E9C0 /* DetailedFavoriteRecipesViewController.swift in Sources */,
				ED2249F722A0722200E7E9C0 /* FavoriteRecipesViewController.swift in Sources */,
				ED257D49228707D2007835B7 /* SearchRecipesViewController.swift in Sources */,
				ED257D6C22877E97007835B7 /* FakeResponseData.swift in Sources */,
				ED257D6222873609007835B7 /* Recipes.swift in Sources */,
				ED257D60228735ED007835B7 /* RecipesSession.swift in Sources */,
				ED257D5E228735DC007835B7 /* RecipesProtocol.swift in Sources */,
				ED224A0222A08E3A00E7E9C0 /* CustomCell.swift in Sources */,
				ED257D47228707D2007835B7 /* AppDelegate.swift in Sources */,
				ED257D6E22877EF8007835B7 /* RecipesSessionFake.swift in Sources */,
				ED257D6A22877E87007835B7 /* FakeResponse.swift in Sources */,
				ED2249FD22A0896D00E7E9C0 /* CustomTableViewCell.swift in Sources */,
				ED1FF4F822903E1D00E7861A /* RecipeResultDisplayViewController.swift in Sources */,
				ED257D5C228733A1007835B7 /* RecipesService.swift in Sources */,
				ED1C339E229C7A00009C0908 /* DetailedRecipeResultViewController.swift in Sources */,
			);
			runOnlyForDeploymentPostprocessing = 0;
		};
/* End PBXSourcesBuildPhase section */

/* Begin PBXVariantGroup section */
		ED257D4A228707D2007835B7 /* Main.storyboard */ = {
			isa = PBXVariantGroup;
			children = (
				ED257D4B228707D2007835B7 /* Base */,
			);
			name = Main.storyboard;
			sourceTree = "<group>";
		};
		ED257D4F228707D4007835B7 /* LaunchScreen.storyboard */ = {
			isa = PBXVariantGroup;
			children = (
				ED257D50228707D4007835B7 /* Base */,
			);
			name = LaunchScreen.storyboard;
			sourceTree = "<group>";
			usesTabs = 0;
		};
/* End PBXVariantGroup section */

/* Begin XCBuildConfiguration section */
		ED257D53228707D4007835B7 /* Debug */ = {
			isa = XCBuildConfiguration;
			buildSettings = {
				ALWAYS_SEARCH_USER_PATHS = NO;
				CLANG_ANALYZER_NONNULL = YES;
				CLANG_ANALYZER_NUMBER_OBJECT_CONVERSION = YES_AGGRESSIVE;
				CLANG_CXX_LANGUAGE_STANDARD = "gnu++14";
				CLANG_CXX_LIBRARY = "libc++";
				CLANG_ENABLE_MODULES = YES;
				CLANG_ENABLE_OBJC_ARC = YES;
				CLANG_ENABLE_OBJC_WEAK = YES;
				CLANG_WARN_BLOCK_CAPTURE_AUTORELEASING = YES;
				CLANG_WARN_BOOL_CONVERSION = YES;
				CLANG_WARN_COMMA = YES;
				CLANG_WARN_CONSTANT_CONVERSION = YES;
				CLANG_WARN_DEPRECATED_OBJC_IMPLEMENTATIONS = YES;
				CLANG_WARN_DIRECT_OBJC_ISA_USAGE = YES_ERROR;
				CLANG_WARN_DOCUMENTATION_COMMENTS = YES;
				CLANG_WARN_EMPTY_BODY = YES;
				CLANG_WARN_ENUM_CONVERSION = YES;
				CLANG_WARN_INFINITE_RECURSION = YES;
				CLANG_WARN_INT_CONVERSION = YES;
				CLANG_WARN_NON_LITERAL_NULL_CONVERSION = YES;
				CLANG_WARN_OBJC_IMPLICIT_RETAIN_SELF = YES;
				CLANG_WARN_OBJC_LITERAL_CONVERSION = YES;
				CLANG_WARN_OBJC_ROOT_CLASS = YES_ERROR;
				CLANG_WARN_RANGE_LOOP_ANALYSIS = YES;
				CLANG_WARN_STRICT_PROTOTYPES = YES;
				CLANG_WARN_SUSPICIOUS_MOVE = YES;
				CLANG_WARN_UNGUARDED_AVAILABILITY = YES_AGGRESSIVE;
				CLANG_WARN_UNREACHABLE_CODE = YES;
				CLANG_WARN__DUPLICATE_METHOD_MATCH = YES;
				CODE_SIGN_IDENTITY = "iPhone Developer";
				COPY_PHASE_STRIP = NO;
				DEBUG_INFORMATION_FORMAT = dwarf;
				ENABLE_STRICT_OBJC_MSGSEND = YES;
				ENABLE_TESTABILITY = YES;
				GCC_C_LANGUAGE_STANDARD = gnu11;
				GCC_DYNAMIC_NO_PIC = NO;
				GCC_NO_COMMON_BLOCKS = YES;
				GCC_OPTIMIZATION_LEVEL = 0;
				GCC_PREPROCESSOR_DEFINITIONS = (
					"DEBUG=1",
					"$(inherited)",
				);
				GCC_WARN_64_TO_32_BIT_CONVERSION = YES;
				GCC_WARN_ABOUT_RETURN_TYPE = YES_ERROR;
				GCC_WARN_UNDECLARED_SELECTOR = YES;
				GCC_WARN_UNINITIALIZED_AUTOS = YES_AGGRESSIVE;
				GCC_WARN_UNUSED_FUNCTION = YES;
				GCC_WARN_UNUSED_VARIABLE = YES;
				IPHONEOS_DEPLOYMENT_TARGET = 12.2;
				MTL_ENABLE_DEBUG_INFO = INCLUDE_SOURCE;
				MTL_FAST_MATH = YES;
				ONLY_ACTIVE_ARCH = YES;
				SDKROOT = iphoneos;
				SWIFT_ACTIVE_COMPILATION_CONDITIONS = DEBUG;
				SWIFT_OPTIMIZATION_LEVEL = "-Onone";
			};
			name = Debug;
		};
		ED257D54228707D4007835B7 /* Release */ = {
			isa = XCBuildConfiguration;
			buildSettings = {
				ALWAYS_SEARCH_USER_PATHS = NO;
				CLANG_ANALYZER_NONNULL = YES;
				CLANG_ANALYZER_NUMBER_OBJECT_CONVERSION = YES_AGGRESSIVE;
				CLANG_CXX_LANGUAGE_STANDARD = "gnu++14";
				CLANG_CXX_LIBRARY = "libc++";
				CLANG_ENABLE_MODULES = YES;
				CLANG_ENABLE_OBJC_ARC = YES;
				CLANG_ENABLE_OBJC_WEAK = YES;
				CLANG_WARN_BLOCK_CAPTURE_AUTORELEASING = YES;
				CLANG_WARN_BOOL_CONVERSION = YES;
				CLANG_WARN_COMMA = YES;
				CLANG_WARN_CONSTANT_CONVERSION = YES;
				CLANG_WARN_DEPRECATED_OBJC_IMPLEMENTATIONS = YES;
				CLANG_WARN_DIRECT_OBJC_ISA_USAGE = YES_ERROR;
				CLANG_WARN_DOCUMENTATION_COMMENTS = YES;
				CLANG_WARN_EMPTY_BODY = YES;
				CLANG_WARN_ENUM_CONVERSION = YES;
				CLANG_WARN_INFINITE_RECURSION = YES;
				CLANG_WARN_INT_CONVERSION = YES;
				CLANG_WARN_NON_LITERAL_NULL_CONVERSION = YES;
				CLANG_WARN_OBJC_IMPLICIT_RETAIN_SELF = YES;
				CLANG_WARN_OBJC_LITERAL_CONVERSION = YES;
				CLANG_WARN_OBJC_ROOT_CLASS = YES_ERROR;
				CLANG_WARN_RANGE_LOOP_ANALYSIS = YES;
				CLANG_WARN_STRICT_PROTOTYPES = YES;
				CLANG_WARN_SUSPICIOUS_MOVE = YES;
				CLANG_WARN_UNGUARDED_AVAILABILITY = YES_AGGRESSIVE;
				CLANG_WARN_UNREACHABLE_CODE = YES;
				CLANG_WARN__DUPLICATE_METHOD_MATCH = YES;
				CODE_SIGN_IDENTITY = "iPhone Developer";
				COPY_PHASE_STRIP = NO;
				DEBUG_INFORMATION_FORMAT = "dwarf-with-dsym";
				ENABLE_NS_ASSERTIONS = NO;
				ENABLE_STRICT_OBJC_MSGSEND = YES;
				GCC_C_LANGUAGE_STANDARD = gnu11;
				GCC_NO_COMMON_BLOCKS = YES;
				GCC_WARN_64_TO_32_BIT_CONVERSION = YES;
				GCC_WARN_ABOUT_RETURN_TYPE = YES_ERROR;
				GCC_WARN_UNDECLARED_SELECTOR = YES;
				GCC_WARN_UNINITIALIZED_AUTOS = YES_AGGRESSIVE;
				GCC_WARN_UNUSED_FUNCTION = YES;
				GCC_WARN_UNUSED_VARIABLE = YES;
				IPHONEOS_DEPLOYMENT_TARGET = 12.2;
				MTL_ENABLE_DEBUG_INFO = NO;
				MTL_FAST_MATH = YES;
				SDKROOT = iphoneos;
				SWIFT_COMPILATION_MODE = wholemodule;
				SWIFT_OPTIMIZATION_LEVEL = "-O";
				VALIDATE_PRODUCT = YES;
			};
			name = Release;
		};
		ED257D56228707D4007835B7 /* Debug */ = {
			isa = XCBuildConfiguration;
			baseConfigurationReference = 4A41495E53A1BE88DE6E8D00 /* Pods-Reciplease.debug.xcconfig */;
			buildSettings = {
				ASSETCATALOG_COMPILER_APPICON_NAME = AppIcon;
				CODE_SIGN_STYLE = Automatic;
				DEVELOPMENT_TEAM = 5J9C5S965J;
				INFOPLIST_FILE = Reciplease/Info.plist;
				LD_RUNPATH_SEARCH_PATHS = (
					"$(inherited)",
					"@executable_path/Frameworks",
				);
				PRODUCT_BUNDLE_IDENTIFIER = fr.favremichael.Reciplease;
				PRODUCT_NAME = "$(TARGET_NAME)";
				SWIFT_VERSION = 5.0;
				TARGETED_DEVICE_FAMILY = 1;
			};
			name = Debug;
		};
		ED257D57228707D4007835B7 /* Release */ = {
			isa = XCBuildConfiguration;
			baseConfigurationReference = 9E5C5A15172758DA12051074 /* Pods-Reciplease.release.xcconfig */;
			buildSettings = {
				ASSETCATALOG_COMPILER_APPICON_NAME = AppIcon;
				CODE_SIGN_STYLE = Automatic;
				DEVELOPMENT_TEAM = 5J9C5S965J;
				INFOPLIST_FILE = Reciplease/Info.plist;
				LD_RUNPATH_SEARCH_PATHS = (
					"$(inherited)",
					"@executable_path/Frameworks",
				);
				PRODUCT_BUNDLE_IDENTIFIER = fr.favremichael.Reciplease;
				PRODUCT_NAME = "$(TARGET_NAME)";
				SWIFT_VERSION = 5.0;
				TARGETED_DEVICE_FAMILY = 1;
			};
			name = Release;
		};
/* End XCBuildConfiguration section */

/* Begin XCConfigurationList section */
		ED257D3E228707D2007835B7 /* Build configuration list for PBXProject "Reciplease" */ = {
			isa = XCConfigurationList;
			buildConfigurations = (
				ED257D53228707D4007835B7 /* Debug */,
				ED257D54228707D4007835B7 /* Release */,
			);
			defaultConfigurationIsVisible = 0;
			defaultConfigurationName = Release;
		};
		ED257D55228707D4007835B7 /* Build configuration list for PBXNativeTarget "Reciplease" */ = {
			isa = XCConfigurationList;
			buildConfigurations = (
				ED257D56228707D4007835B7 /* Debug */,
				ED257D57228707D4007835B7 /* Release */,
			);
			defaultConfigurationIsVisible = 0;
			defaultConfigurationName = Release;
		};
/* End XCConfigurationList section */
	};
	rootObject = ED257D3B228707D2007835B7 /* Project object */;
}
